{
  "nodes": {
    "flake-utils": {
      "locked": {
        "lastModified": 1652557277,
        "narHash": "sha256-jSes9DaIVMdmwBB78KkFUVrlDzawmD62vrUg0GS2500=",
        "owner": "numtide",
        "repo": "flake-utils",
        "rev": "12806d31a381e7cd169a6bac35590e7b36dc5fe5",
        "type": "github"
      },
      "original": {
        "owner": "numtide",
        "repo": "flake-utils",
        "type": "github"
      }
    },
    "nixpkgs": {
      "locked": {
        "lastModified": 0,
        "narHash": "sha256-pZukMP4zCA1FaBg0xHxf7KdE/Nv/C5YbDID7h2L8O7A=",
        "path": "/nix/store/lh2p0yaqdwib1wyn0kbgwncy3iwgzvc9-source",
        "type": "path"
      },
      "original": {
        "id": "nixpkgs",
        "type": "indirect"
      }
    },
    "root": {
      "inputs": {
        "flake-utils": "flake-utils",
        "nixpkgs": "nixpkgs"
      }
    }
  },
  "root": "root",
  "version": 7
}
