{
  "nodes": {
    "flake-compat": {
      "flake": false,
      "locked": {
        "lastModified": 1668681692,
        "narHash": "sha256-Ht91NGdewz8IQLtWZ9LCeNXMSXHUss+9COoqu6JLmXU=",
        "owner": "edolstra",
        "repo": "flake-compat",
        "rev": "009399224d5e398d03b22badca40a37ac85412a1",
        "type": "github"
      },
      "original": {
        "owner": "edolstra",
        "repo": "flake-compat",
        "type": "github"
      }
    },
    "flake-utils": {
      "locked": {
        "lastModified": 1652557277,
        "narHash": "sha256-jSes9DaIVMdmwBB78KkFUVrlDzawmD62vrUg0GS2500=",
        "owner": "numtide",
        "repo": "flake-utils",
        "rev": "12806d31a381e7cd169a6bac35590e7b36dc5fe5",
        "type": "github"
      },
      "original": {
        "owner": "numtide",
        "repo": "flake-utils",
        "type": "github"
      }
    },
    "nixpkgs": {
      "locked": {
        "lastModified": 1661239106,
        "narHash": "sha256-C5OCLnrv2c4CHs9DMEtYKkjJmGL7ySAZ1PqPkHBonxQ=",
        "owner": "NixOS",
        "repo": "nixpkgs",
        "rev": "963d27a0767422be9b8686a8493dcade6acee992",
        "type": "github"
      },
      "original": {
        "id": "nixpkgs",
        "ref": "nixpkgs-unstable",
        "type": "indirect"
      }
    },
    "root": {
      "inputs": {
        "flake-compat": "flake-compat",
        "flake-utils": "flake-utils",
        "nixpkgs": "nixpkgs"
      }
    }
  },
  "root": "root",
  "version": 7
}
